
Microsoft Visual Studio Solution File, Format Version 12.00
# Visual Studio Version 17
VisualStudioVersion = 17.0.31903.59
MinimumVisualStudioVersion = 10.0.40219.1
Project("{2150E333-8FDC-42A3-9474-1A3956D46DE8}") = "root-items", "root-items", "{AEC42B73-8B4C-40E7-8143-EB3C1431EE27}"
	ProjectSection(SolutionItems) = preProject
		.gitignore = .gitignore
		CONTRIBUTE.md = CONTRIBUTE.md
		LICENSE.md = LICENSE.md
		README.md = README.md
		SECURITY.md = SECURITY.md
	EndProjectSection
EndProject
Project("{2150E333-8FDC-42A3-9474-1A3956D46DE8}") = "src", "src", "{827E0CD3-B72D-47B6-A68D-7590B98EB39B}"
EndProject
Project("{2150E333-8FDC-42A3-9474-1A3956D46DE8}") = "business", "business", "{CC1F4FA2-92F2-BA4B-815B-7EC2CBBCCF50}"
EndProject
Project("{FAE04EC0-301F-11D3-BF4B-00C04F79EFBC}") = "Application", "src\business\Application\Application.csproj", "{6E76D766-EE1C-4564-AA3B-C8848976FB20}"
EndProject
Project("{FAE04EC0-301F-11D3-BF4B-00C04F79EFBC}") = "Domain", "src\business\Domain\Domain.csproj", "{C7607744-72B5-4800-8713-DFABEEE27E40}"
EndProject
Project("{FAE04EC0-301F-11D3-BF4B-00C04F79EFBC}") = "ErrorHandling", "src\business\ErrorHandling\ErrorHandling.csproj", "{7CD82912-E8FA-43A8-8CA9-D284971EBAC4}"
EndProject
Project("{2150E333-8FDC-42A3-9474-1A3956D46DE8}") = "presentation", "presentation", "{6996BBF7-DB31-59BC-C7DD-9A7CCC6138C4}"
EndProject
Project("{2150E333-8FDC-42A3-9474-1A3956D46DE8}") = "data-access", "data-access", "{F978086D-B968-F882-293D-5144D2B09BE0}"
EndProject
Project("{FAE04EC0-301F-11D3-BF4B-00C04F79EFBC}") = "Infrastructure", "src\data-access\Infrastructure\Infrastructure.csproj", "{4FDC3426-2234-435D-9B0F-513512E8C8F3}"
EndProject
Project("{FAE04EC0-301F-11D3-BF4B-00C04F79EFBC}") = "Web.Common", "src\presentation\Web.Common\Web.Common.csproj", "{FF67747F-5D17-4680-84F9-18BEC695AE9E}"
EndProject
Project("{FAE04EC0-301F-11D3-BF4B-00C04F79EFBC}") = "Web.Api", "src\presentation\Web.Api\Web.Api.csproj", "{A68C11CC-4A42-4250-B0B4-DE849F4805C4}"
EndProject
Project("{FAE04EC0-301F-11D3-BF4B-00C04F79EFBC}") = "Thalamus.Domain.UnitTests", "tests\Thalamus.Domain.UnitTests\Thalamus.Domain.UnitTests.csproj", "{7E1278BD-76C5-4F05-9514-CEA720A52FF7}"
EndProject
Project("{2150E333-8FDC-42A3-9474-1A3956D46DE8}") = "tests", "tests", "{E3EDEFD4-0864-4806-849A-B54777814CFC}"
EndProject
Project("{FAE04EC0-301F-11D3-BF4B-00C04F79EFBC}") = "Thalamus.Cli", "src\presentation\Thalamus.Cli\Thalamus.Cli.csproj", "{25F83118-E084-4BDE-B03C-C49BC6BA88C4}"
EndProject
Global
	GlobalSection(SolutionConfigurationPlatforms) = preSolution
		Debug|Any CPU = Debug|Any CPU
		Debug|x64 = Debug|x64
		Debug|x86 = Debug|x86
		Release|Any CPU = Release|Any CPU
		Release|x64 = Release|x64
		Release|x86 = Release|x86
	EndGlobalSection
	GlobalSection(ProjectConfigurationPlatforms) = postSolution
		{6E76D766-EE1C-4564-AA3B-C8848976FB20}.Debug|Any CPU.ActiveCfg = Debug|Any CPU
		{6E76D766-EE1C-4564-AA3B-C8848976FB20}.Debug|Any CPU.Build.0 = Debug|Any CPU
		{6E76D766-EE1C-4564-AA3B-C8848976FB20}.Debug|x64.ActiveCfg = Debug|Any CPU
		{6E76D766-EE1C-4564-AA3B-C8848976FB20}.Debug|x64.Build.0 = Debug|Any CPU
		{6E76D766-EE1C-4564-AA3B-C8848976FB20}.Debug|x86.ActiveCfg = Debug|Any CPU
		{6E76D766-EE1C-4564-AA3B-C8848976FB20}.Debug|x86.Build.0 = Debug|Any CPU
		{6E76D766-EE1C-4564-AA3B-C8848976FB20}.Release|Any CPU.ActiveCfg = Release|Any CPU
		{6E76D766-EE1C-4564-AA3B-C8848976FB20}.Release|Any CPU.Build.0 = Release|Any CPU
		{6E76D766-EE1C-4564-AA3B-C8848976FB20}.Release|x64.ActiveCfg = Release|Any CPU
		{6E76D766-EE1C-4564-AA3B-C8848976FB20}.Release|x64.Build.0 = Release|Any CPU
		{6E76D766-EE1C-4564-AA3B-C8848976FB20}.Release|x86.ActiveCfg = Release|Any CPU
		{6E76D766-EE1C-4564-AA3B-C8848976FB20}.Release|x86.Build.0 = Release|Any CPU
		{C7607744-72B5-4800-8713-DFABEEE27E40}.Debug|Any CPU.ActiveCfg = Debug|Any CPU
		{C7607744-72B5-4800-8713-DFABEEE27E40}.Debug|Any CPU.Build.0 = Debug|Any CPU
		{C7607744-72B5-4800-8713-DFABEEE27E40}.Debug|x64.ActiveCfg = Debug|Any CPU
		{C7607744-72B5-4800-8713-DFABEEE27E40}.Debug|x64.Build.0 = Debug|Any CPU
		{C7607744-72B5-4800-8713-DFABEEE27E40}.Debug|x86.ActiveCfg = Debug|Any CPU
		{C7607744-72B5-4800-8713-DFABEEE27E40}.Debug|x86.Build.0 = Debug|Any CPU
		{C7607744-72B5-4800-8713-DFABEEE27E40}.Release|Any CPU.ActiveCfg = Release|Any CPU
		{C7607744-72B5-4800-8713-DFABEEE27E40}.Release|Any CPU.Build.0 = Release|Any CPU
		{C7607744-72B5-4800-8713-DFABEEE27E40}.Release|x64.ActiveCfg = Release|Any CPU
		{C7607744-72B5-4800-8713-DFABEEE27E40}.Release|x64.Build.0 = Release|Any CPU
		{C7607744-72B5-4800-8713-DFABEEE27E40}.Release|x86.ActiveCfg = Release|Any CPU
		{C7607744-72B5-4800-8713-DFABEEE27E40}.Release|x86.Build.0 = Release|Any CPU
		{7CD82912-E8FA-43A8-8CA9-D284971EBAC4}.Debug|Any CPU.ActiveCfg = Debug|Any CPU
		{7CD82912-E8FA-43A8-8CA9-D284971EBAC4}.Debug|Any CPU.Build.0 = Debug|Any CPU
		{7CD82912-E8FA-43A8-8CA9-D284971EBAC4}.Debug|x64.ActiveCfg = Debug|Any CPU
		{7CD82912-E8FA-43A8-8CA9-D284971EBAC4}.Debug|x64.Build.0 = Debug|Any CPU
		{7CD82912-E8FA-43A8-8CA9-D284971EBAC4}.Debug|x86.ActiveCfg = Debug|Any CPU
		{7CD82912-E8FA-43A8-8CA9-D284971EBAC4}.Debug|x86.Build.0 = Debug|Any CPU
		{7CD82912-E8FA-43A8-8CA9-D284971EBAC4}.Release|Any CPU.ActiveCfg = Release|Any CPU
		{7CD82912-E8FA-43A8-8CA9-D284971EBAC4}.Release|Any CPU.Build.0 = Release|Any CPU
		{7CD82912-E8FA-43A8-8CA9-D284971EBAC4}.Release|x64.ActiveCfg = Release|Any CPU
		{7CD82912-E8FA-43A8-8CA9-D284971EBAC4}.Release|x64.Build.0 = Release|Any CPU
		{7CD82912-E8FA-43A8-8CA9-D284971EBAC4}.Release|x86.ActiveCfg = Release|Any CPU
		{7CD82912-E8FA-43A8-8CA9-D284971EBAC4}.Release|x86.Build.0 = Release|Any CPU
		{4FDC3426-2234-435D-9B0F-513512E8C8F3}.Debug|Any CPU.ActiveCfg = Debug|Any CPU
		{4FDC3426-2234-435D-9B0F-513512E8C8F3}.Debug|Any CPU.Build.0 = Debug|Any CPU
		{4FDC3426-2234-435D-9B0F-513512E8C8F3}.Debug|x64.ActiveCfg = Debug|Any CPU
		{4FDC3426-2234-435D-9B0F-513512E8C8F3}.Debug|x64.Build.0 = Debug|Any CPU
		{4FDC3426-2234-435D-9B0F-513512E8C8F3}.Debug|x86.ActiveCfg = Debug|Any CPU
		{4FDC3426-2234-435D-9B0F-513512E8C8F3}.Debug|x86.Build.0 = Debug|Any CPU
		{4FDC3426-2234-435D-9B0F-513512E8C8F3}.Release|Any CPU.ActiveCfg = Release|Any CPU
		{4FDC3426-2234-435D-9B0F-513512E8C8F3}.Release|Any CPU.Build.0 = Release|Any CPU
		{4FDC3426-2234-435D-9B0F-513512E8C8F3}.Release|x64.ActiveCfg = Release|Any CPU
		{4FDC3426-2234-435D-9B0F-513512E8C8F3}.Release|x64.Build.0 = Release|Any CPU
		{4FDC3426-2234-435D-9B0F-513512E8C8F3}.Release|x86.ActiveCfg = Release|Any CPU
		{4FDC3426-2234-435D-9B0F-513512E8C8F3}.Release|x86.Build.0 = Release|Any CPU
		{FF67747F-5D17-4680-84F9-18BEC695AE9E}.Debug|Any CPU.ActiveCfg = Debug|Any CPU
		{FF67747F-5D17-4680-84F9-18BEC695AE9E}.Debug|Any CPU.Build.0 = Debug|Any CPU
		{FF67747F-5D17-4680-84F9-18BEC695AE9E}.Debug|x64.ActiveCfg = Debug|Any CPU
		{FF67747F-5D17-4680-84F9-18BEC695AE9E}.Debug|x64.Build.0 = Debug|Any CPU
		{FF67747F-5D17-4680-84F9-18BEC695AE9E}.Debug|x86.ActiveCfg = Debug|Any CPU
		{FF67747F-5D17-4680-84F9-18BEC695AE9E}.Debug|x86.Build.0 = Debug|Any CPU
		{FF67747F-5D17-4680-84F9-18BEC695AE9E}.Release|Any CPU.ActiveCfg = Release|Any CPU
		{FF67747F-5D17-4680-84F9-18BEC695AE9E}.Release|Any CPU.Build.0 = Release|Any CPU
		{FF67747F-5D17-4680-84F9-18BEC695AE9E}.Release|x64.ActiveCfg = Release|Any CPU
		{FF67747F-5D17-4680-84F9-18BEC695AE9E}.Release|x64.Build.0 = Release|Any CPU
		{FF67747F-5D17-4680-84F9-18BEC695AE9E}.Release|x86.ActiveCfg = Release|Any CPU
		{FF67747F-5D17-4680-84F9-18BEC695AE9E}.Release|x86.Build.0 = Release|Any CPU
		{A68C11CC-4A42-4250-B0B4-DE849F4805C4}.Debug|Any CPU.ActiveCfg = Debug|Any CPU
		{A68C11CC-4A42-4250-B0B4-DE849F4805C4}.Debug|Any CPU.Build.0 = Debug|Any CPU
		{A68C11CC-4A42-4250-B0B4-DE849F4805C4}.Debug|x64.ActiveCfg = Debug|Any CPU
		{A68C11CC-4A42-4250-B0B4-DE849F4805C4}.Debug|x64.Build.0 = Debug|Any CPU
		{A68C11CC-4A42-4250-B0B4-DE849F4805C4}.Debug|x86.ActiveCfg = Debug|Any CPU
		{A68C11CC-4A42-4250-B0B4-DE849F4805C4}.Debug|x86.Build.0 = Debug|Any CPU
		{A68C11CC-4A42-4250-B0B4-DE849F4805C4}.Release|Any CPU.ActiveCfg = Release|Any CPU
		{A68C11CC-4A42-4250-B0B4-DE849F4805C4}.Release|Any CPU.Build.0 = Release|Any CPU
		{A68C11CC-4A42-4250-B0B4-DE849F4805C4}.Release|x64.ActiveCfg = Release|Any CPU
		{A68C11CC-4A42-4250-B0B4-DE849F4805C4}.Release|x64.Build.0 = Release|Any CPU
		{A68C11CC-4A42-4250-B0B4-DE849F4805C4}.Release|x86.ActiveCfg = Release|Any CPU
		{A68C11CC-4A42-4250-B0B4-DE849F4805C4}.Release|x86.Build.0 = Release|Any CPU
		{7E1278BD-76C5-4F05-9514-CEA720A52FF7}.Debug|Any CPU.ActiveCfg = Debug|Any CPU
		{7E1278BD-76C5-4F05-9514-CEA720A52FF7}.Debug|Any CPU.Build.0 = Debug|Any CPU
		{7E1278BD-76C5-4F05-9514-CEA720A52FF7}.Debug|x64.ActiveCfg = Debug|Any CPU
		{7E1278BD-76C5-4F05-9514-CEA720A52FF7}.Debug|x64.Build.0 = Debug|Any CPU
		{7E1278BD-76C5-4F05-9514-CEA720A52FF7}.Debug|x86.ActiveCfg = Debug|Any CPU
		{7E1278BD-76C5-4F05-9514-CEA720A52FF7}.Debug|x86.Build.0 = Debug|Any CPU
		{7E1278BD-76C5-4F05-9514-CEA720A52FF7}.Release|Any CPU.ActiveCfg = Release|Any CPU
		{7E1278BD-76C5-4F05-9514-CEA720A52FF7}.Release|Any CPU.Build.0 = Release|Any CPU
		{7E1278BD-76C5-4F05-9514-CEA720A52FF7}.Release|x64.ActiveCfg = Release|Any CPU
		{7E1278BD-76C5-4F05-9514-CEA720A52FF7}.Release|x64.Build.0 = Release|Any CPU
		{7E1278BD-76C5-4F05-9514-CEA720A52FF7}.Release|x86.ActiveCfg = Release|Any CPU
		{7E1278BD-76C5-4F05-9514-CEA720A52FF7}.Release|x86.Build.0 = Release|Any CPU
		{25F83118-E084-4BDE-B03C-C49BC6BA88C4}.Debug|Any CPU.ActiveCfg = Debug|Any CPU
		{25F83118-E084-4BDE-B03C-C49BC6BA88C4}.Debug|Any CPU.Build.0 = Debug|Any CPU
		{25F83118-E084-4BDE-B03C-C49BC6BA88C4}.Debug|x64.ActiveCfg = Debug|Any CPU
		{25F83118-E084-4BDE-B03C-C49BC6BA88C4}.Debug|x64.Build.0 = Debug|Any CPU
		{25F83118-E084-4BDE-B03C-C49BC6BA88C4}.Debug|x86.ActiveCfg = Debug|Any CPU
		{25F83118-E084-4BDE-B03C-C49BC6BA88C4}.Debug|x86.Build.0 = Debug|Any CPU
		{25F83118-E084-4BDE-B03C-C49BC6BA88C4}.Release|Any CPU.ActiveCfg = Release|Any CPU
		{25F83118-E084-4BDE-B03C-C49BC6BA88C4}.Release|Any CPU.Build.0 = Release|Any CPU
		{25F83118-E084-4BDE-B03C-C49BC6BA88C4}.Release|x64.ActiveCfg = Release|Any CPU
		{25F83118-E084-4BDE-B03C-C49BC6BA88C4}.Release|x64.Build.0 = Release|Any CPU
		{25F83118-E084-4BDE-B03C-C49BC6BA88C4}.Release|x86.ActiveCfg = Release|Any CPU
		{25F83118-E084-4BDE-B03C-C49BC6BA88C4}.Release|x86.Build.0 = Release|Any CPU
	EndGlobalSection
	GlobalSection(SolutionProperties) = preSolution
		HideSolutionNode = FALSE
	EndGlobalSection
	GlobalSection(NestedProjects) = preSolution
		{CC1F4FA2-92F2-BA4B-815B-7EC2CBBCCF50} = {827E0CD3-B72D-47B6-A68D-7590B98EB39B}
		{6E76D766-EE1C-4564-AA3B-C8848976FB20} = {CC1F4FA2-92F2-BA4B-815B-7EC2CBBCCF50}
		{C7607744-72B5-4800-8713-DFABEEE27E40} = {CC1F4FA2-92F2-BA4B-815B-7EC2CBBCCF50}
		{7CD82912-E8FA-43A8-8CA9-D284971EBAC4} = {CC1F4FA2-92F2-BA4B-815B-7EC2CBBCCF50}
		{6996BBF7-DB31-59BC-C7DD-9A7CCC6138C4} = {827E0CD3-B72D-47B6-A68D-7590B98EB39B}
		{F978086D-B968-F882-293D-5144D2B09BE0} = {827E0CD3-B72D-47B6-A68D-7590B98EB39B}
		{4FDC3426-2234-435D-9B0F-513512E8C8F3} = {F978086D-B968-F882-293D-5144D2B09BE0}
		{FF67747F-5D17-4680-84F9-18BEC695AE9E} = {6996BBF7-DB31-59BC-C7DD-9A7CCC6138C4}
		{A68C11CC-4A42-4250-B0B4-DE849F4805C4} = {6996BBF7-DB31-59BC-C7DD-9A7CCC6138C4}
		{7E1278BD-76C5-4F05-9514-CEA720A52FF7} = {E3EDEFD4-0864-4806-849A-B54777814CFC}
		{25F83118-E084-4BDE-B03C-C49BC6BA88C4} = {6996BBF7-DB31-59BC-C7DD-9A7CCC6138C4}
	EndGlobalSection
EndGlobal
